
Microsoft Visual Studio Solution File, Format Version 12.00
# Visual Studio Version 17
VisualStudioVersion = 17.1.32328.378
MinimumVisualStudioVersion = 10.0.40219.1
Project("{9A19103F-16F7-4668-BE54-9A1E7A4F7556}") = "EASYTools.GatekeeperConsole", "GateKeeperConsole\EASYTools.GatekeeperConsole.csproj", "{185B5068-2A5E-4948-AA8E-2EE2730F56E3}"
EndProject
Project("{9A19103F-16F7-4668-BE54-9A1E7A4F7556}") = "EASYTools.GateKeeper", "GateKeeper\EASYTools.GateKeeper.csproj", "{D66D559D-6A43-46BC-B775-C6D2DA38C1C9}"
EndProject
Global
	GlobalSection(SolutionConfigurationPlatforms) = preSolution
		Debug|Any CPU = Debug|Any CPU
		Release|Any CPU = Release|Any CPU
	EndGlobalSection
	GlobalSection(ProjectConfigurationPlatforms) = postSolution
		{185B5068-2A5E-4948-AA8E-2EE2730F56E3}.Debug|Any CPU.ActiveCfg = Debug|Any CPU
		{185B5068-2A5E-4948-AA8E-2EE2730F56E3}.Debug|Any CPU.Build.0 = Debug|Any CPU
		{185B5068-2A5E-4948-AA8E-2EE2730F56E3}.Release|Any CPU.ActiveCfg = Release|Any CPU
		{185B5068-2A5E-4948-AA8E-2EE2730F56E3}.Release|Any CPU.Build.0 = Release|Any CPU
		{D66D559D-6A43-46BC-B775-C6D2DA38C1C9}.Debug|Any CPU.ActiveCfg = Debug|Any CPU
		{D66D559D-6A43-46BC-B775-C6D2DA38C1C9}.Debug|Any CPU.Build.0 = Debug|Any CPU
		{D66D559D-6A43-46BC-B775-C6D2DA38C1C9}.Release|Any CPU.ActiveCfg = Release|Any CPU
		{D66D559D-6A43-46BC-B775-C6D2DA38C1C9}.Release|Any CPU.Build.0 = Release|Any CPU
	EndGlobalSection
	GlobalSection(SolutionProperties) = preSolution
		HideSolutionNode = FALSE
	EndGlobalSection
	GlobalSection(ExtensibilityGlobals) = postSolution
		SolutionGuid = {2DB6A898-FC21-48C9-889C-0A05FB0C8CB1}
	EndGlobalSection
EndGlobal
