
Microsoft Visual Studio Solution File, Format Version 12.00
# Visual Studio Version 17
VisualStudioVersion = 17.11.35125.118
MinimumVisualStudioVersion = 10.0.40219.1
Project("{9A19103F-16F7-4668-BE54-9A1E7A4F7556}") = "EASYTools.Node", "Node\EASYTools.Node.csproj", "{495B71D2-0B68-4965-B6CF-DBCAC3370FF8}"
EndProject
Project("{9A19103F-16F7-4668-BE54-9A1E7A4F7556}") = "EASYTools.SimpleUdp", "SimpleUdp\EASYTools.SimpleUdp.csproj", "{D928A4AF-1A57-4251-8E3D-DEEE311B6DC8}"
EndProject
Global
	GlobalSection(SolutionConfigurationPlatforms) = preSolution
		Debug|Any CPU = Debug|Any CPU
		Release|Any CPU = Release|Any CPU
	EndGlobalSection
	GlobalSection(ProjectConfigurationPlatforms) = postSolution
		{495B71D2-0B68-4965-B6CF-DBCAC3370FF8}.Debug|Any CPU.ActiveCfg = Debug|Any CPU
		{495B71D2-0B68-4965-B6CF-DBCAC3370FF8}.Debug|Any CPU.Build.0 = Debug|Any CPU
		{495B71D2-0B68-4965-B6CF-DBCAC3370FF8}.Release|Any CPU.ActiveCfg = Release|Any CPU
		{495B71D2-0B68-4965-B6CF-DBCAC3370FF8}.Release|Any CPU.Build.0 = Release|Any CPU
		{D928A4AF-1A57-4251-8E3D-DEEE311B6DC8}.Debug|Any CPU.ActiveCfg = Debug|Any CPU
		{D928A4AF-1A57-4251-8E3D-DEEE311B6DC8}.Debug|Any CPU.Build.0 = Debug|Any CPU
		{D928A4AF-1A57-4251-8E3D-DEEE311B6DC8}.Release|Any CPU.ActiveCfg = Release|Any CPU
		{D928A4AF-1A57-4251-8E3D-DEEE311B6DC8}.Release|Any CPU.Build.0 = Release|Any CPU
	EndGlobalSection
	GlobalSection(SolutionProperties) = preSolution
		HideSolutionNode = FALSE
	EndGlobalSection
	GlobalSection(ExtensibilityGlobals) = postSolution
		SolutionGuid = {5A2BCD14-57CA-4605-B694-66332F0B910A}
	EndGlobalSection
EndGlobal
