
Microsoft Visual Studio Solution File, Format Version 12.00
# Visual Studio Version 17
VisualStudioVersion = 17.11.35125.118
MinimumVisualStudioVersion = 10.0.40219.1
Project("{9A19103F-16F7-4668-BE54-9A1E7A4F7556}") = "EASYTools.LoggingModule", "LoggingModule\EASYTools.LoggingModule.csproj", "{72924CBA-E320-4555-8940-E34612BE458A}"
EndProject
Project("{9A19103F-16F7-4668-BE54-9A1E7A4F7556}") = "EASYTools.SyslogServer", "SyslogServer\EASYTools.SyslogServer.csproj", "{CFD3FAB9-9EF2-43D8-B499-9CFA62146966}"
EndProject
Global
	GlobalSection(SolutionConfigurationPlatforms) = preSolution
		Debug|Any CPU = Debug|Any CPU
		Release|Any CPU = Release|Any CPU
	EndGlobalSection
	GlobalSection(ProjectConfigurationPlatforms) = postSolution
		{72924CBA-E320-4555-8940-E34612BE458A}.Debug|Any CPU.ActiveCfg = Debug|Any CPU
		{72924CBA-E320-4555-8940-E34612BE458A}.Debug|Any CPU.Build.0 = Debug|Any CPU
		{72924CBA-E320-4555-8940-E34612BE458A}.Release|Any CPU.ActiveCfg = Release|Any CPU
		{72924CBA-E320-4555-8940-E34612BE458A}.Release|Any CPU.Build.0 = Release|Any CPU
		{CFD3FAB9-9EF2-43D8-B499-9CFA62146966}.Debug|Any CPU.ActiveCfg = Debug|Any CPU
		{CFD3FAB9-9EF2-43D8-B499-9CFA62146966}.Debug|Any CPU.Build.0 = Debug|Any CPU
		{CFD3FAB9-9EF2-43D8-B499-9CFA62146966}.Release|Any CPU.ActiveCfg = Release|Any CPU
		{CFD3FAB9-9EF2-43D8-B499-9CFA62146966}.Release|Any CPU.Build.0 = Release|Any CPU
	EndGlobalSection
	GlobalSection(SolutionProperties) = preSolution
		HideSolutionNode = FALSE
	EndGlobalSection
	GlobalSection(ExtensibilityGlobals) = postSolution
		SolutionGuid = {FDE2739A-DD20-4684-ADA8-3A73F87C8198}
	EndGlobalSection
EndGlobal
