
Microsoft Visual Studio Solution File, Format Version 12.00
# Visual Studio Version 17
VisualStudioVersion = 17.4.33110.190
MinimumVisualStudioVersion = 10.0.40219.1
Project("{9A19103F-16F7-4668-BE54-9A1E7A4F7556}") = "EASYTools.Generator", "Generator\EASYTools.Generator.csproj", "{ECA0D113-772A-4BB9-90B6-A36FEB531588}"
EndProject
Project("{9A19103F-16F7-4668-BE54-9A1E7A4F7556}") = "EASYTools.GeneratorConsole", "GeneratorConsole\EASYTools.GeneratorConsole.csproj", "{B3BC9940-E48F-4D34-AA34-3BEA7DA6B067}"
EndProject
Global
	GlobalSection(SolutionConfigurationPlatforms) = preSolution
		Debug|Any CPU = Debug|Any CPU
		Release|Any CPU = Release|Any CPU
	EndGlobalSection
	GlobalSection(ProjectConfigurationPlatforms) = postSolution
		{ECA0D113-772A-4BB9-90B6-A36FEB531588}.Debug|Any CPU.ActiveCfg = Debug|Any CPU
		{ECA0D113-772A-4BB9-90B6-A36FEB531588}.Debug|Any CPU.Build.0 = Debug|Any CPU
		{ECA0D113-772A-4BB9-90B6-A36FEB531588}.Release|Any CPU.ActiveCfg = Release|Any CPU
		{ECA0D113-772A-4BB9-90B6-A36FEB531588}.Release|Any CPU.Build.0 = Release|Any CPU
		{B3BC9940-E48F-4D34-AA34-3BEA7DA6B067}.Debug|Any CPU.ActiveCfg = Debug|Any CPU
		{B3BC9940-E48F-4D34-AA34-3BEA7DA6B067}.Debug|Any CPU.Build.0 = Debug|Any CPU
		{B3BC9940-E48F-4D34-AA34-3BEA7DA6B067}.Release|Any CPU.ActiveCfg = Release|Any CPU
		{B3BC9940-E48F-4D34-AA34-3BEA7DA6B067}.Release|Any CPU.Build.0 = Release|Any CPU
	EndGlobalSection
	GlobalSection(SolutionProperties) = preSolution
		HideSolutionNode = FALSE
	EndGlobalSection
	GlobalSection(ExtensibilityGlobals) = postSolution
		SolutionGuid = {24C187C1-C010-41D0-B752-CEC347E49EDA}
	EndGlobalSection
EndGlobal
